
Microsoft Visual Studio Solution File, Format Version 12.00
# Visual Studio Version 17
VisualStudioVersion = 17.9.34728.123
MinimumVisualStudioVersion = 10.0.40219.1
Project("{FAE04EC0-301F-11D3-BF4B-00C04F79EFBC}") = "KafeProje", "KafeProje\KafeProje.csproj", "{4C7EBBB6-0290-4543-AC64-8DD74B95A3AB}"
EndProject
Global
	GlobalSection(SolutionConfigurationPlatforms) = preSolution
		Debug|Any CPU = Debug|Any CPU
		Release|Any CPU = Release|Any CPU
	EndGlobalSection
	GlobalSection(ProjectConfigurationPlatforms) = postSolution
		{4C7EBBB6-0290-4543-AC64-8DD74B95A3AB}.Debug|Any CPU.ActiveCfg = Debug|Any CPU
		{4C7EBBB6-0290-4543-AC64-8DD74B95A3AB}.Debug|Any CPU.Build.0 = Debug|Any CPU
		{4C7EBBB6-0290-4543-AC64-8DD74B95A3AB}.Release|Any CPU.ActiveCfg = Release|Any CPU
		{4C7EBBB6-0290-4543-AC64-8DD74B95A3AB}.Release|Any CPU.Build.0 = Release|Any CPU
	EndGlobalSection
	GlobalSection(SolutionProperties) = preSolution
		HideSolutionNode = FALSE
	EndGlobalSection
	GlobalSection(ExtensibilityGlobals) = postSolution
		SolutionGuid = {3D736F62-04B2-448C-A605-CB77C2C13ADE}
	EndGlobalSection
EndGlobal
